
Microsoft Visual Studio Solution File, Format Version 12.00
# Visual Studio Version 17
VisualStudioVersion = 17.13.35818.85 d17.13
MinimumVisualStudioVersion = 10.0.40219.1
Project("{FAE04EC0-301F-11D3-BF4B-00C04F79EFBC}") = "TubesKPL", "TubesKPL.csproj", "{C9346460-A5D7-C976-07D5-AEECFE522C19}"
EndProject
Project("{FAE04EC0-301F-11D3-BF4B-00C04F79EFBC}") = "LoginAPI", "LoginAPI\LoginAPI.csproj", "{12683D84-9BE3-435B-AE6D-0E51E5D0BDBC}"
EndProject
Global
	GlobalSection(SolutionConfigurationPlatforms) = preSolution
		Debug|Any CPU = Debug|Any CPU
		Release|Any CPU = Release|Any CPU
	EndGlobalSection
	GlobalSection(ProjectConfigurationPlatforms) = postSolution
		{C9346460-A5D7-C976-07D5-AEECFE522C19}.Debug|Any CPU.ActiveCfg = Debug|Any CPU
		{C9346460-A5D7-C976-07D5-AEECFE522C19}.Debug|Any CPU.Build.0 = Debug|Any CPU
		{C9346460-A5D7-C976-07D5-AEECFE522C19}.Release|Any CPU.ActiveCfg = Release|Any CPU
		{C9346460-A5D7-C976-07D5-AEECFE522C19}.Release|Any CPU.Build.0 = Release|Any CPU
		{12683D84-9BE3-435B-AE6D-0E51E5D0BDBC}.Debug|Any CPU.ActiveCfg = Debug|Any CPU
		{12683D84-9BE3-435B-AE6D-0E51E5D0BDBC}.Debug|Any CPU.Build.0 = Debug|Any CPU
		{12683D84-9BE3-435B-AE6D-0E51E5D0BDBC}.Release|Any CPU.ActiveCfg = Release|Any CPU
		{12683D84-9BE3-435B-AE6D-0E51E5D0BDBC}.Release|Any CPU.Build.0 = Release|Any CPU
	EndGlobalSection
	GlobalSection(SolutionProperties) = preSolution
		HideSolutionNode = FALSE
	EndGlobalSection
	GlobalSection(ExtensibilityGlobals) = postSolution
		SolutionGuid = {78FC8980-379A-4ED2-9D45-CA0F37D3A9D8}
	EndGlobalSection
EndGlobal
