
Microsoft Visual Studio Solution File, Format Version 12.00
# Visual Studio Version 17
VisualStudioVersion = 17.13.35818.85
MinimumVisualStudioVersion = 10.0.40219.1
Project("{FAE04EC0-301F-11D3-BF4B-00C04F79EFBC}") = "TubesKPL", "TubesKPL.csproj", "{C9346460-A5D7-C976-07D5-AEECFE522C19}"
EndProject
Project("{FAE04EC0-301F-11D3-BF4B-00C04F79EFBC}") = "LoginAPI", "LoginAPI\LoginAPI.csproj", "{12683D84-9BE3-435B-AE6D-0E51E5D0BDBC}"
EndProject
Project("{FAE04EC0-301F-11D3-BF4B-00C04F79EFBC}") = "AttemptReview", "AttemptReview\AttemptReview.csproj", "{0C2614AC-4A8D-4C0E-8FA2-18323B683016}"
EndProject
Project("{FAE04EC0-301F-11D3-BF4B-00C04F79EFBC}") = "TestProject", "TestProject\TestProject.csproj", "{C5DAC069-6797-4CB6-B434-E89EE8C0F9EA}"
EndProject
Global
	GlobalSection(SolutionConfigurationPlatforms) = preSolution
		Debug|Any CPU = Debug|Any CPU
		Release|Any CPU = Release|Any CPU
	EndGlobalSection
	GlobalSection(ProjectConfigurationPlatforms) = postSolution
		{C9346460-A5D7-C976-07D5-AEECFE522C19}.Debug|Any CPU.ActiveCfg = Debug|Any CPU
		{C9346460-A5D7-C976-07D5-AEECFE522C19}.Debug|Any CPU.Build.0 = Debug|Any CPU
		{C9346460-A5D7-C976-07D5-AEECFE522C19}.Release|Any CPU.ActiveCfg = Release|Any CPU
		{C9346460-A5D7-C976-07D5-AEECFE522C19}.Release|Any CPU.Build.0 = Release|Any CPU
		{12683D84-9BE3-435B-AE6D-0E51E5D0BDBC}.Debug|Any CPU.ActiveCfg = Debug|Any CPU
		{12683D84-9BE3-435B-AE6D-0E51E5D0BDBC}.Debug|Any CPU.Build.0 = Debug|Any CPU
		{12683D84-9BE3-435B-AE6D-0E51E5D0BDBC}.Release|Any CPU.ActiveCfg = Release|Any CPU
		{12683D84-9BE3-435B-AE6D-0E51E5D0BDBC}.Release|Any CPU.Build.0 = Release|Any CPU
		{0C2614AC-4A8D-4C0E-8FA2-18323B683016}.Debug|Any CPU.ActiveCfg = Debug|Any CPU
		{0C2614AC-4A8D-4C0E-8FA2-18323B683016}.Debug|Any CPU.Build.0 = Debug|Any CPU
		{0C2614AC-4A8D-4C0E-8FA2-18323B683016}.Release|Any CPU.ActiveCfg = Release|Any CPU
		{0C2614AC-4A8D-4C0E-8FA2-18323B683016}.Release|Any CPU.Build.0 = Release|Any CPU
		{C5DAC069-6797-4CB6-B434-E89EE8C0F9EA}.Debug|Any CPU.ActiveCfg = Debug|Any CPU
		{C5DAC069-6797-4CB6-B434-E89EE8C0F9EA}.Debug|Any CPU.Build.0 = Debug|Any CPU
		{C5DAC069-6797-4CB6-B434-E89EE8C0F9EA}.Release|Any CPU.ActiveCfg = Release|Any CPU
		{C5DAC069-6797-4CB6-B434-E89EE8C0F9EA}.Release|Any CPU.Build.0 = Release|Any CPU
	EndGlobalSection
	GlobalSection(SolutionProperties) = preSolution
		HideSolutionNode = FALSE
	EndGlobalSection
	GlobalSection(ExtensibilityGlobals) = postSolution
		SolutionGuid = {78FC8980-379A-4ED2-9D45-CA0F37D3A9D8}
	EndGlobalSection
EndGlobal
